// !$*UTF8*$!
{
	archiveVersion = 1;
	classes = {
	};
	objectVersion = 48;
	objects = {

/* Begin PBXBuildFile section */
		B50AE65B1F1FC7D500455E06 /* ExpandingHamburgerView.swift in Sources */ = {isa = PBXBuildFile; fileRef = B50AE65A1F1FC7D500455E06 /* ExpandingHamburgerView.swift */; };
		B521615F1F21239C0032005D /* NavPushButton.swift in Sources */ = {isa = PBXBuildFile; fileRef = B521615E1F21239C0032005D /* NavPushButton.swift */; };
		B52161611F2126E50032005D /* Selector+Actions.swift in Sources */ = {isa = PBXBuildFile; fileRef = B52161601F2126E50032005D /* Selector+Actions.swift */; };
		B52161641F218CD70032005D /* SessionSpec.swift in Sources */ = {isa = PBXBuildFile; fileRef = B52161631F218CD70032005D /* SessionSpec.swift */; };
		B52161671F218D400032005D /* Session.swift in Sources */ = {isa = PBXBuildFile; fileRef = B52161661F218D400032005D /* Session.swift */; };
		B521616A1F2190030032005D /* UIColor+Constant.swift in Sources */ = {isa = PBXBuildFile; fileRef = B52161691F2190030032005D /* UIColor+Constant.swift */; };
		B521616C1F21920E0032005D /* Theme.swift in Sources */ = {isa = PBXBuildFile; fileRef = B521616B1F21920E0032005D /* Theme.swift */; };
		B521616E1F22371C0032005D /* RxSwift.framework in Frameworks */ = {isa = PBXBuildFile; fileRef = B521616D1F2237090032005D /* RxSwift.framework */; };
		B52161701F22374C0032005D /* RxSwift.framework in CopyFiles */ = {isa = PBXBuildFile; fileRef = B521616D1F2237090032005D /* RxSwift.framework */; settings = {ATTRIBUTES = (CodeSignOnCopy, RemoveHeadersOnCopy, ); }; };
		B52161751F223CAA0032005D /* Nimble.framework in CopyFiles */ = {isa = PBXBuildFile; fileRef = B5CC22FA1F1C52F700FC4A06 /* Nimble.framework */; settings = {ATTRIBUTES = (CodeSignOnCopy, RemoveHeadersOnCopy, ); }; };
		B52E2DFB1F20373B00BE173C /* ViewConfigurable.swift in Sources */ = {isa = PBXBuildFile; fileRef = B52E2DFA1F20373B00BE173C /* ViewConfigurable.swift */; };
		B53052071F22B04C00E7B26C /* SettingsViewController.swift in Sources */ = {isa = PBXBuildFile; fileRef = B53052061F22B04C00E7B26C /* SettingsViewController.swift */; };
		B53052091F22B11E00E7B26C /* CreditsViewController.swift in Sources */ = {isa = PBXBuildFile; fileRef = B53052081F22B11E00E7B26C /* CreditsViewController.swift */; };
		B530520B1F22B12800E7B26C /* ProfileViewController.swift in Sources */ = {isa = PBXBuildFile; fileRef = B530520A1F22B12800E7B26C /* ProfileViewController.swift */; };
		B530520D1F22B29F00E7B26C /* LevelViewController.swift in Sources */ = {isa = PBXBuildFile; fileRef = B530520C1F22B29F00E7B26C /* LevelViewController.swift */; };
		B5738FC31F22588D00E79E04 /* SpecHelper.swift in Sources */ = {isa = PBXBuildFile; fileRef = B5738FC21F22588D00E79E04 /* SpecHelper.swift */; };
		B5738FC61F2279D400E79E04 /* TimeService.swift in Sources */ = {isa = PBXBuildFile; fileRef = B5738FC51F2279D400E79E04 /* TimeService.swift */; };
		B59513831F23D068006AC9C2 /* LevelScreenSpec.swift in Sources */ = {isa = PBXBuildFile; fileRef = B59513821F23D068006AC9C2 /* LevelScreenSpec.swift */; };
		B5A97A4F1F1C2FB400B12841 /* AppDelegate.swift in Sources */ = {isa = PBXBuildFile; fileRef = B5A97A4E1F1C2FB400B12841 /* AppDelegate.swift */; };
		B5A97A511F1C2FB400B12841 /* ViewController.swift in Sources */ = {isa = PBXBuildFile; fileRef = B5A97A501F1C2FB400B12841 /* ViewController.swift */; };
		B5A97A561F1C2FB400B12841 /* Assets.xcassets in Resources */ = {isa = PBXBuildFile; fileRef = B5A97A551F1C2FB400B12841 /* Assets.xcassets */; };
		B5A97A591F1C2FB400B12841 /* LaunchScreen.storyboard in Resources */ = {isa = PBXBuildFile; fileRef = B5A97A571F1C2FB400B12841 /* LaunchScreen.storyboard */; };
		B5C4B2F21F20EBF3008C1ECF /* ExpandingHamburgerViewSpec.swift in Sources */ = {isa = PBXBuildFile; fileRef = B5C4B2F11F20EBF3008C1ECF /* ExpandingHamburgerViewSpec.swift */; };
		B5C4B2FA1F20F512008C1ECF /* Strings.swift in Sources */ = {isa = PBXBuildFile; fileRef = B5C4B2F91F20F512008C1ECF /* Strings.swift */; };
		B5CC22FE1F1C532C00FC4A06 /* Quick.framework in CopyFiles */ = {isa = PBXBuildFile; fileRef = B5CC22FB1F1C52F700FC4A06 /* Quick.framework */; settings = {ATTRIBUTES = (CodeSignOnCopy, RemoveHeadersOnCopy, ); }; };
		B5CC22FF1F1C53CB00FC4A06 /* Nimble.framework in Frameworks */ = {isa = PBXBuildFile; fileRef = B5CC22FA1F1C52F700FC4A06 /* Nimble.framework */; };
		B5CC23001F1C53CB00FC4A06 /* Quick.framework in Frameworks */ = {isa = PBXBuildFile; fileRef = B5CC22FB1F1C52F700FC4A06 /* Quick.framework */; };
		B5CC230E1F1D9F2500FC4A06 /* StartScreenSpec.swift in Sources */ = {isa = PBXBuildFile; fileRef = B5CC230D1F1D9F2500FC4A06 /* StartScreenSpec.swift */; };
		B5CC23111F1DA07200FC4A06 /* StartMenuViewController.swift in Sources */ = {isa = PBXBuildFile; fileRef = B5CC23101F1DA07200FC4A06 /* StartMenuViewController.swift */; };
		B5D229FA1F24CFB200638675 /* MVVM.swift in Sources */ = {isa = PBXBuildFile; fileRef = B5D229F91F24CFB200638675 /* MVVM.swift */; };
		B5D229FD1F24D0A100638675 /* LevelViewModel.swift in Sources */ = {isa = PBXBuildFile; fileRef = B5D229FC1F24D0A100638675 /* LevelViewModel.swift */; };
		B5D229FF1F24D0C200638675 /* LevelView.swift in Sources */ = {isa = PBXBuildFile; fileRef = B5D229FE1F24D0C200638675 /* LevelView.swift */; };
		B5D22A011F25629000638675 /* LevelViewSpec.swift in Sources */ = {isa = PBXBuildFile; fileRef = B5D22A001F25629000638675 /* LevelViewSpec.swift */; };
		B5D22A031F25650400638675 /* GridView.swift in Sources */ = {isa = PBXBuildFile; fileRef = B5D22A021F25650400638675 /* GridView.swift */; };
		B5D22A051F25659600638675 /* GridViewSpec.swift in Sources */ = {isa = PBXBuildFile; fileRef = B5D22A041F25659600638675 /* GridViewSpec.swift */; };
/* End PBXBuildFile section */

/* Begin PBXContainerItemProxy section */
		B5A97A601F1C2FB400B12841 /* PBXContainerItemProxy */ = {
			isa = PBXContainerItemProxy;
			containerPortal = B5A97A431F1C2FB400B12841 /* Project object */;
			proxyType = 1;
			remoteGlobalIDString = B5A97A4A1F1C2FB400B12841;
			remoteInfo = ShinShikaku;
		};
/* End PBXContainerItemProxy section */

/* Begin PBXCopyFilesBuildPhase section */
		B521616F1F2237440032005D /* CopyFiles */ = {
			isa = PBXCopyFilesBuildPhase;
			buildActionMask = 2147483647;
			dstPath = "";
			dstSubfolderSpec = 10;
			files = (
				B52161701F22374C0032005D /* RxSwift.framework in CopyFiles */,
			);
			runOnlyForDeploymentPostprocessing = 0;
		};
		B5CC22FC1F1C531300FC4A06 /* CopyFiles */ = {
			isa = PBXCopyFilesBuildPhase;
			buildActionMask = 2147483647;
			dstPath = "";
			dstSubfolderSpec = 10;
			files = (
				B52161751F223CAA0032005D /* Nimble.framework in CopyFiles */,
				B5CC22FE1F1C532C00FC4A06 /* Quick.framework in CopyFiles */,
			);
			runOnlyForDeploymentPostprocessing = 0;
		};
/* End PBXCopyFilesBuildPhase section */

/* Begin PBXFileReference section */
		B50AE65A1F1FC7D500455E06 /* ExpandingHamburgerView.swift */ = {isa = PBXFileReference; lastKnownFileType = sourcecode.swift; path = ExpandingHamburgerView.swift; sourceTree = "<group>"; };
		B521615E1F21239C0032005D /* NavPushButton.swift */ = {isa = PBXFileReference; lastKnownFileType = sourcecode.swift; path = NavPushButton.swift; sourceTree = "<group>"; };
		B52161601F2126E50032005D /* Selector+Actions.swift */ = {isa = PBXFileReference; lastKnownFileType = sourcecode.swift; path = "Selector+Actions.swift"; sourceTree = "<group>"; };
		B52161631F218CD70032005D /* SessionSpec.swift */ = {isa = PBXFileReference; lastKnownFileType = sourcecode.swift; path = SessionSpec.swift; sourceTree = "<group>"; };
		B52161661F218D400032005D /* Session.swift */ = {isa = PBXFileReference; lastKnownFileType = sourcecode.swift; path = Session.swift; sourceTree = "<group>"; };
		B52161691F2190030032005D /* UIColor+Constant.swift */ = {isa = PBXFileReference; lastKnownFileType = sourcecode.swift; path = "UIColor+Constant.swift"; sourceTree = "<group>"; };
		B521616B1F21920E0032005D /* Theme.swift */ = {isa = PBXFileReference; lastKnownFileType = sourcecode.swift; path = Theme.swift; sourceTree = "<group>"; };
		B521616D1F2237090032005D /* RxSwift.framework */ = {isa = PBXFileReference; lastKnownFileType = wrapper.framework; path = RxSwift.framework; sourceTree = "<group>"; };
		B52E2DFA1F20373B00BE173C /* ViewConfigurable.swift */ = {isa = PBXFileReference; lastKnownFileType = sourcecode.swift; path = ViewConfigurable.swift; sourceTree = "<group>"; };
		B53052061F22B04C00E7B26C /* SettingsViewController.swift */ = {isa = PBXFileReference; lastKnownFileType = sourcecode.swift; path = SettingsViewController.swift; sourceTree = "<group>"; };
		B53052081F22B11E00E7B26C /* CreditsViewController.swift */ = {isa = PBXFileReference; lastKnownFileType = sourcecode.swift; path = CreditsViewController.swift; sourceTree = "<group>"; };
		B530520A1F22B12800E7B26C /* ProfileViewController.swift */ = {isa = PBXFileReference; lastKnownFileType = sourcecode.swift; path = ProfileViewController.swift; sourceTree = "<group>"; };
		B530520C1F22B29F00E7B26C /* LevelViewController.swift */ = {isa = PBXFileReference; lastKnownFileType = sourcecode.swift; path = LevelViewController.swift; sourceTree = "<group>"; };
		B5738FC21F22588D00E79E04 /* SpecHelper.swift */ = {isa = PBXFileReference; lastKnownFileType = sourcecode.swift; path = SpecHelper.swift; sourceTree = "<group>"; };
		B5738FC51F2279D400E79E04 /* TimeService.swift */ = {isa = PBXFileReference; lastKnownFileType = sourcecode.swift; path = TimeService.swift; sourceTree = "<group>"; };
		B59513821F23D068006AC9C2 /* LevelScreenSpec.swift */ = {isa = PBXFileReference; lastKnownFileType = sourcecode.swift; path = LevelScreenSpec.swift; sourceTree = "<group>"; };
		B5A97A4B1F1C2FB400B12841 /* ShinShikaku.app */ = {isa = PBXFileReference; explicitFileType = wrapper.application; includeInIndex = 0; path = ShinShikaku.app; sourceTree = BUILT_PRODUCTS_DIR; };
		B5A97A4E1F1C2FB400B12841 /* AppDelegate.swift */ = {isa = PBXFileReference; lastKnownFileType = sourcecode.swift; path = AppDelegate.swift; sourceTree = "<group>"; };
		B5A97A501F1C2FB400B12841 /* ViewController.swift */ = {isa = PBXFileReference; lastKnownFileType = sourcecode.swift; path = ViewController.swift; sourceTree = "<group>"; };
		B5A97A551F1C2FB400B12841 /* Assets.xcassets */ = {isa = PBXFileReference; lastKnownFileType = folder.assetcatalog; path = Assets.xcassets; sourceTree = "<group>"; };
		B5A97A581F1C2FB400B12841 /* Base */ = {isa = PBXFileReference; lastKnownFileType = file.storyboard; name = Base; path = Base.lproj/LaunchScreen.storyboard; sourceTree = "<group>"; };
		B5A97A5A1F1C2FB400B12841 /* Info.plist */ = {isa = PBXFileReference; lastKnownFileType = text.plist.xml; path = Info.plist; sourceTree = "<group>"; };
		B5A97A5F1F1C2FB400B12841 /* ShinShikakuTests.xctest */ = {isa = PBXFileReference; explicitFileType = wrapper.cfbundle; includeInIndex = 0; path = ShinShikakuTests.xctest; sourceTree = BUILT_PRODUCTS_DIR; };
		B5A97A651F1C2FB400B12841 /* Info.plist */ = {isa = PBXFileReference; lastKnownFileType = text.plist.xml; path = Info.plist; sourceTree = "<group>"; };
		B5C4B2F11F20EBF3008C1ECF /* ExpandingHamburgerViewSpec.swift */ = {isa = PBXFileReference; lastKnownFileType = sourcecode.swift; path = ExpandingHamburgerViewSpec.swift; sourceTree = "<group>"; };
		B5C4B2F91F20F512008C1ECF /* Strings.swift */ = {isa = PBXFileReference; lastKnownFileType = sourcecode.swift; path = Strings.swift; sourceTree = "<group>"; };
		B5CC22FA1F1C52F700FC4A06 /* Nimble.framework */ = {isa = PBXFileReference; lastKnownFileType = wrapper.framework; path = Nimble.framework; sourceTree = "<group>"; };
		B5CC22FB1F1C52F700FC4A06 /* Quick.framework */ = {isa = PBXFileReference; lastKnownFileType = wrapper.framework; path = Quick.framework; sourceTree = "<group>"; };
		B5CC230D1F1D9F2500FC4A06 /* StartScreenSpec.swift */ = {isa = PBXFileReference; lastKnownFileType = sourcecode.swift; path = StartScreenSpec.swift; sourceTree = "<group>"; };
		B5CC23101F1DA07200FC4A06 /* StartMenuViewController.swift */ = {isa = PBXFileReference; lastKnownFileType = sourcecode.swift; path = StartMenuViewController.swift; sourceTree = "<group>"; };
		B5D229F91F24CFB200638675 /* MVVM.swift */ = {isa = PBXFileReference; lastKnownFileType = sourcecode.swift; path = MVVM.swift; sourceTree = "<group>"; };
		B5D229FC1F24D0A100638675 /* LevelViewModel.swift */ = {isa = PBXFileReference; lastKnownFileType = sourcecode.swift; path = LevelViewModel.swift; sourceTree = "<group>"; };
		B5D229FE1F24D0C200638675 /* LevelView.swift */ = {isa = PBXFileReference; lastKnownFileType = sourcecode.swift; path = LevelView.swift; sourceTree = "<group>"; };
		B5D22A001F25629000638675 /* LevelViewSpec.swift */ = {isa = PBXFileReference; lastKnownFileType = sourcecode.swift; path = LevelViewSpec.swift; sourceTree = "<group>"; };
		B5D22A021F25650400638675 /* GridView.swift */ = {isa = PBXFileReference; lastKnownFileType = sourcecode.swift; path = GridView.swift; sourceTree = "<group>"; };
		B5D22A041F25659600638675 /* GridViewSpec.swift */ = {isa = PBXFileReference; lastKnownFileType = sourcecode.swift; path = GridViewSpec.swift; sourceTree = "<group>"; };
/* End PBXFileReference section */

/* Begin PBXFrameworksBuildPhase section */
		B5A97A481F1C2FB400B12841 /* Frameworks */ = {
			isa = PBXFrameworksBuildPhase;
			buildActionMask = 2147483647;
			files = (
				B521616E1F22371C0032005D /* RxSwift.framework in Frameworks */,
			);
			runOnlyForDeploymentPostprocessing = 0;
		};
		B5A97A5C1F1C2FB400B12841 /* Frameworks */ = {
			isa = PBXFrameworksBuildPhase;
			buildActionMask = 2147483647;
			files = (
				B5CC22FF1F1C53CB00FC4A06 /* Nimble.framework in Frameworks */,
				B5CC23001F1C53CB00FC4A06 /* Quick.framework in Frameworks */,
			);
			runOnlyForDeploymentPostprocessing = 0;
		};
/* End PBXFrameworksBuildPhase section */

/* Begin PBXGroup section */
		B52161591F2122560032005D /* Extensions */ = {
			isa = PBXGroup;
			children = (
				B52161601F2126E50032005D /* Selector+Actions.swift */,
				B52161691F2190030032005D /* UIColor+Constant.swift */,
			);
			path = Extensions;
			sourceTree = "<group>";
		};
		B521615C1F2123830032005D /* Common */ = {
			isa = PBXGroup;
			children = (
				B5738FC41F2279C200E79E04 /* Services */,
				B52161651F218D310032005D /* State */,
				B521615D1F21238C0032005D /* UI */,
			);
			path = Common;
			sourceTree = "<group>";
		};
		B521615D1F21238C0032005D /* UI */ = {
			isa = PBXGroup;
			children = (
				B521615E1F21239C0032005D /* NavPushButton.swift */,
			);
			path = UI;
			sourceTree = "<group>";
		};
		B52161621F218CBD0032005D /* State */ = {
			isa = PBXGroup;
			children = (
				B52161631F218CD70032005D /* SessionSpec.swift */,
			);
			path = State;
			sourceTree = "<group>";
		};
		B52161651F218D310032005D /* State */ = {
			isa = PBXGroup;
			children = (
				B52161661F218D400032005D /* Session.swift */,
				B521616B1F21920E0032005D /* Theme.swift */,
			);
			path = State;
			sourceTree = "<group>";
		};
		B52161681F218D490032005D /* Common */ = {
			isa = PBXGroup;
			children = (
				B52161621F218CBD0032005D /* State */,
			);
			path = Common;
			sourceTree = "<group>";
		};
		B52E2DF91F20370500BE173C /* Protocols */ = {
			isa = PBXGroup;
			children = (
				B5D229F91F24CFB200638675 /* MVVM.swift */,
				B52E2DFA1F20373B00BE173C /* ViewConfigurable.swift */,
			);
			path = Protocols;
			sourceTree = "<group>";
		};
		B5738FC41F2279C200E79E04 /* Services */ = {
			isa = PBXGroup;
			children = (
				B5738FC51F2279D400E79E04 /* TimeService.swift */,
			);
			path = Services;
			sourceTree = "<group>";
		};
		B59513811F23D054006AC9C2 /* Level */ = {
			isa = PBXGroup;
			children = (
				B5D22A041F25659600638675 /* GridViewSpec.swift */,
				B59513821F23D068006AC9C2 /* LevelScreenSpec.swift */,
				B5D22A001F25629000638675 /* LevelViewSpec.swift */,
			);
			path = Level;
			sourceTree = "<group>";
		};
		B5A97A421F1C2FB400B12841 = {
			isa = PBXGroup;
			children = (
				B5CC22F41F1C529B00FC4A06 /* Frameworks */,
				B5A97A4C1F1C2FB400B12841 /* Products */,
				B5A97A4D1F1C2FB400B12841 /* ShinShikaku */,
				B5A97A621F1C2FB400B12841 /* ShinShikakuTests */,
			);
			sourceTree = "<group>";
		};
		B5A97A4C1F1C2FB400B12841 /* Products */ = {
			isa = PBXGroup;
			children = (
				B5A97A4B1F1C2FB400B12841 /* ShinShikaku.app */,
				B5A97A5F1F1C2FB400B12841 /* ShinShikakuTests.xctest */,
			);
			name = Products;
			sourceTree = "<group>";
		};
		B5A97A4D1F1C2FB400B12841 /* ShinShikaku */ = {
			isa = PBXGroup;
			children = (
				B521615C1F2123830032005D /* Common */,
				B52161591F2122560032005D /* Extensions */,
				B52E2DF91F20370500BE173C /* Protocols */,
				B5C4B2F81F20F500008C1ECF /* Resources */,
				B5CC230F1F1DA04100FC4A06 /* Screens */,
				B5A97A4E1F1C2FB400B12841 /* AppDelegate.swift */,
				B5A97A551F1C2FB400B12841 /* Assets.xcassets */,
				B5A97A5A1F1C2FB400B12841 /* Info.plist */,
				B5A97A571F1C2FB400B12841 /* LaunchScreen.storyboard */,
				B5A97A501F1C2FB400B12841 /* ViewController.swift */,
			);
			path = ShinShikaku;
			sourceTree = "<group>";
		};
		B5A97A621F1C2FB400B12841 /* ShinShikakuTests */ = {
			isa = PBXGroup;
			children = (
				B52161681F218D490032005D /* Common */,
				B5CC230C1F1D9EF800FC4A06 /* Screens */,
				B5A97A651F1C2FB400B12841 /* Info.plist */,
				B5738FC21F22588D00E79E04 /* SpecHelper.swift */,
			);
			path = ShinShikakuTests;
			sourceTree = "<group>";
		};
		B5C4B2F01F20EBD8008C1ECF /* Start */ = {
			isa = PBXGroup;
			children = (
				B5C4B2F11F20EBF3008C1ECF /* ExpandingHamburgerViewSpec.swift */,
				B5CC230D1F1D9F2500FC4A06 /* StartScreenSpec.swift */,
			);
			path = Start;
			sourceTree = "<group>";
		};
		B5C4B2F81F20F500008C1ECF /* Resources */ = {
			isa = PBXGroup;
			children = (
				B5C4B2F91F20F512008C1ECF /* Strings.swift */,
			);
			path = Resources;
			sourceTree = "<group>";
		};
		B5CC22F41F1C529B00FC4A06 /* Frameworks */ = {
			isa = PBXGroup;
			children = (
				B521616D1F2237090032005D /* RxSwift.framework */,
				B5CC22FA1F1C52F700FC4A06 /* Nimble.framework */,
				B5CC22FB1F1C52F700FC4A06 /* Quick.framework */,
			);
			name = Frameworks;
			sourceTree = "<group>";
		};
		B5CC230C1F1D9EF800FC4A06 /* Screens */ = {
			isa = PBXGroup;
			children = (
				B59513811F23D054006AC9C2 /* Level */,
				B5C4B2F01F20EBD8008C1ECF /* Start */,
			);
			path = Screens;
			sourceTree = "<group>";
		};
		B5CC230F1F1DA04100FC4A06 /* Screens */ = {
			isa = PBXGroup;
			children = (
				B5CC23131F1DA50D00FC4A06 /* View Controllers */,
				B5D229FB1F24D09600638675 /* View Model */,
				B5CC23121F1DA50500FC4A06 /* Views */,
			);
			path = Screens;
			sourceTree = "<group>";
		};
		B5CC23121F1DA50500FC4A06 /* Views */ = {
			isa = PBXGroup;
			children = (
				B50AE65A1F1FC7D500455E06 /* ExpandingHamburgerView.swift */,
				B5D22A021F25650400638675 /* GridView.swift */,
				B5D229FE1F24D0C200638675 /* LevelView.swift */,
			);
			path = Views;
			sourceTree = "<group>";
		};
		B5CC23131F1DA50D00FC4A06 /* View Controllers */ = {
			isa = PBXGroup;
			children = (
				B53052081F22B11E00E7B26C /* CreditsViewController.swift */,
				B530520C1F22B29F00E7B26C /* LevelViewController.swift */,
				B530520A1F22B12800E7B26C /* ProfileViewController.swift */,
				B53052061F22B04C00E7B26C /* SettingsViewController.swift */,
				B5CC23101F1DA07200FC4A06 /* StartMenuViewController.swift */,
			);
			path = "View Controllers";
			sourceTree = "<group>";
		};
		B5D229FB1F24D09600638675 /* View Model */ = {
			isa = PBXGroup;
			children = (
				B5D229FC1F24D0A100638675 /* LevelViewModel.swift */,
			);
			path = "View Model";
			sourceTree = "<group>";
		};
/* End PBXGroup section */

/* Begin PBXNativeTarget section */
		B5A97A4A1F1C2FB400B12841 /* ShinShikaku */ = {
			isa = PBXNativeTarget;
			buildConfigurationList = B5A97A681F1C2FB400B12841 /* Build configuration list for PBXNativeTarget "ShinShikaku" */;
			buildPhases = (
				B5A97A471F1C2FB400B12841 /* Sources */,
				B5A97A481F1C2FB400B12841 /* Frameworks */,
				B5A97A491F1C2FB400B12841 /* Resources */,
				B521616F1F2237440032005D /* CopyFiles */,
			);
			buildRules = (
			);
			dependencies = (
			);
			name = ShinShikaku;
			productName = ShinShikaku;
			productReference = B5A97A4B1F1C2FB400B12841 /* ShinShikaku.app */;
			productType = "com.apple.product-type.application";
		};
		B5A97A5E1F1C2FB400B12841 /* ShinShikakuTests */ = {
			isa = PBXNativeTarget;
			buildConfigurationList = B5A97A6B1F1C2FB400B12841 /* Build configuration list for PBXNativeTarget "ShinShikakuTests" */;
			buildPhases = (
				B5A97A5B1F1C2FB400B12841 /* Sources */,
				B5A97A5C1F1C2FB400B12841 /* Frameworks */,
				B5A97A5D1F1C2FB400B12841 /* Resources */,
				B5CC22FC1F1C531300FC4A06 /* CopyFiles */,
			);
			buildRules = (
			);
			dependencies = (
				B5A97A611F1C2FB400B12841 /* PBXTargetDependency */,
			);
			name = ShinShikakuTests;
			productName = ShinShikakuTests;
			productReference = B5A97A5F1F1C2FB400B12841 /* ShinShikakuTests.xctest */;
			productType = "com.apple.product-type.bundle.unit-test";
		};
/* End PBXNativeTarget section */

/* Begin PBXProject section */
		B5A97A431F1C2FB400B12841 /* Project object */ = {
			isa = PBXProject;
			attributes = {
				LastSwiftUpdateCheck = 0900;
				LastUpgradeCheck = 0900;
				ORGANIZATIONNAME = "Nice Things LLC";
				TargetAttributes = {
					B5A97A4A1F1C2FB400B12841 = {
						CreatedOnToolsVersion = 9.0;
					};
					B5A97A5E1F1C2FB400B12841 = {
						CreatedOnToolsVersion = 9.0;
						LastSwiftMigration = 0900;
						TestTargetID = B5A97A4A1F1C2FB400B12841;
					};
				};
			};
			buildConfigurationList = B5A97A461F1C2FB400B12841 /* Build configuration list for PBXProject "ShinShikaku" */;
			compatibilityVersion = "Xcode 8.0";
			developmentRegion = en;
			hasScannedForEncodings = 0;
			knownRegions = (
				en,
				Base,
			);
			mainGroup = B5A97A421F1C2FB400B12841;
			productRefGroup = B5A97A4C1F1C2FB400B12841 /* Products */;
			projectDirPath = "";
			projectRoot = "";
			targets = (
				B5A97A4A1F1C2FB400B12841 /* ShinShikaku */,
				B5A97A5E1F1C2FB400B12841 /* ShinShikakuTests */,
			);
		};
/* End PBXProject section */

/* Begin PBXResourcesBuildPhase section */
		B5A97A491F1C2FB400B12841 /* Resources */ = {
			isa = PBXResourcesBuildPhase;
			buildActionMask = 2147483647;
			files = (
				B5A97A591F1C2FB400B12841 /* LaunchScreen.storyboard in Resources */,
				B5A97A561F1C2FB400B12841 /* Assets.xcassets in Resources */,
			);
			runOnlyForDeploymentPostprocessing = 0;
		};
		B5A97A5D1F1C2FB400B12841 /* Resources */ = {
			isa = PBXResourcesBuildPhase;
			buildActionMask = 2147483647;
			files = (
			);
			runOnlyForDeploymentPostprocessing = 0;
		};
/* End PBXResourcesBuildPhase section */

/* Begin PBXSourcesBuildPhase section */
		B5A97A471F1C2FB400B12841 /* Sources */ = {
			isa = PBXSourcesBuildPhase;
			buildActionMask = 2147483647;
			files = (
				B5CC23111F1DA07200FC4A06 /* StartMenuViewController.swift in Sources */,
				B53052091F22B11E00E7B26C /* CreditsViewController.swift in Sources */,
				B5A97A511F1C2FB400B12841 /* ViewController.swift in Sources */,
				B5D229FD1F24D0A100638675 /* LevelViewModel.swift in Sources */,
				B50AE65B1F1FC7D500455E06 /* ExpandingHamburgerView.swift in Sources */,
				B52E2DFB1F20373B00BE173C /* ViewConfigurable.swift in Sources */,
				B5738FC61F2279D400E79E04 /* TimeService.swift in Sources */,
				B521616C1F21920E0032005D /* Theme.swift in Sources */,
				B5D229FA1F24CFB200638675 /* MVVM.swift in Sources */,
				B5C4B2FA1F20F512008C1ECF /* Strings.swift in Sources */,
				B5D229FF1F24D0C200638675 /* LevelView.swift in Sources */,
				B5A97A4F1F1C2FB400B12841 /* AppDelegate.swift in Sources */,
				B52161611F2126E50032005D /* Selector+Actions.swift in Sources */,
				B521615F1F21239C0032005D /* NavPushButton.swift in Sources */,
				B530520D1F22B29F00E7B26C /* LevelViewController.swift in Sources */,
				B53052071F22B04C00E7B26C /* SettingsViewController.swift in Sources */,
				B530520B1F22B12800E7B26C /* ProfileViewController.swift in Sources */,
				B52161671F218D400032005D /* Session.swift in Sources */,
				B5D22A031F25650400638675 /* GridView.swift in Sources */,
				B521616A1F2190030032005D /* UIColor+Constant.swift in Sources */,
			);
			runOnlyForDeploymentPostprocessing = 0;
		};
		B5A97A5B1F1C2FB400B12841 /* Sources */ = {
			isa = PBXSourcesBuildPhase;
			buildActionMask = 2147483647;
			files = (
				B5D22A011F25629000638675 /* LevelViewSpec.swift in Sources */,
				B52161641F218CD70032005D /* SessionSpec.swift in Sources */,
				B5C4B2F21F20EBF3008C1ECF /* ExpandingHamburgerViewSpec.swift in Sources */,
				B5D22A051F25659600638675 /* GridViewSpec.swift in Sources */,
				B59513831F23D068006AC9C2 /* LevelScreenSpec.swift in Sources */,
				B5738FC31F22588D00E79E04 /* SpecHelper.swift in Sources */,
				B5CC230E1F1D9F2500FC4A06 /* StartScreenSpec.swift in Sources */,
			);
			runOnlyForDeploymentPostprocessing = 0;
		};
/* End PBXSourcesBuildPhase section */

/* Begin PBXTargetDependency section */
		B5A97A611F1C2FB400B12841 /* PBXTargetDependency */ = {
			isa = PBXTargetDependency;
			target = B5A97A4A1F1C2FB400B12841 /* ShinShikaku */;
			targetProxy = B5A97A601F1C2FB400B12841 /* PBXContainerItemProxy */;
		};
/* End PBXTargetDependency section */

/* Begin PBXVariantGroup section */
		B5A97A571F1C2FB400B12841 /* LaunchScreen.storyboard */ = {
			isa = PBXVariantGroup;
			children = (
				B5A97A581F1C2FB400B12841 /* Base */,
			);
			name = LaunchScreen.storyboard;
			path = .;
			sourceTree = "<group>";
		};
/* End PBXVariantGroup section */

/* Begin XCBuildConfiguration section */
		B5A97A661F1C2FB400B12841 /* Debug */ = {
			isa = XCBuildConfiguration;
			buildSettings = {
				ALWAYS_SEARCH_USER_PATHS = NO;
				CLANG_ANALYZER_NONNULL = YES;
				CLANG_ANALYZER_NUMBER_OBJECT_CONVERSION = YES_AGGRESSIVE;
				CLANG_CXX_LANGUAGE_STANDARD = "gnu++14";
				CLANG_CXX_LIBRARY = "libc++";
				CLANG_ENABLE_MODULES = YES;
				CLANG_ENABLE_OBJC_ARC = YES;
				CLANG_WARN_BLOCK_CAPTURE_AUTORELEASING = YES;
				CLANG_WARN_BOOL_CONVERSION = YES;
				CLANG_WARN_COMMA = YES;
				CLANG_WARN_CONSTANT_CONVERSION = YES;
				CLANG_WARN_DIRECT_OBJC_ISA_USAGE = YES_ERROR;
				CLANG_WARN_DOCUMENTATION_COMMENTS = YES;
				CLANG_WARN_EMPTY_BODY = YES;
				CLANG_WARN_ENUM_CONVERSION = YES;
				CLANG_WARN_INFINITE_RECURSION = YES;
				CLANG_WARN_INT_CONVERSION = YES;
				CLANG_WARN_NON_LITERAL_NULL_CONVERSION = YES;
				CLANG_WARN_OBJC_LITERAL_CONVERSION = YES;
				CLANG_WARN_OBJC_ROOT_CLASS = YES_ERROR;
				CLANG_WARN_RANGE_LOOP_ANALYSIS = YES;
				CLANG_WARN_STRICT_PROTOTYPES = YES;
				CLANG_WARN_SUSPICIOUS_MOVE = YES;
				CLANG_WARN_UNGUARDED_AVAILABILITY = YES_AGGRESSIVE;
				CLANG_WARN_UNREACHABLE_CODE = YES;
				CLANG_WARN__DUPLICATE_METHOD_MATCH = YES;
				CODE_SIGN_IDENTITY = "iPhone Developer";
				COPY_PHASE_STRIP = NO;
				DEBUG_INFORMATION_FORMAT = dwarf;
				ENABLE_STRICT_OBJC_MSGSEND = YES;
				ENABLE_TESTABILITY = YES;
				GCC_C_LANGUAGE_STANDARD = gnu11;
				GCC_DYNAMIC_NO_PIC = NO;
				GCC_NO_COMMON_BLOCKS = YES;
				GCC_OPTIMIZATION_LEVEL = 0;
				GCC_PREPROCESSOR_DEFINITIONS = (
					"DEBUG=1",
					"$(inherited)",
				);
				GCC_WARN_64_TO_32_BIT_CONVERSION = YES;
				GCC_WARN_ABOUT_RETURN_TYPE = YES_ERROR;
				GCC_WARN_UNDECLARED_SELECTOR = YES;
				GCC_WARN_UNINITIALIZED_AUTOS = YES_AGGRESSIVE;
				GCC_WARN_UNUSED_FUNCTION = YES;
				GCC_WARN_UNUSED_VARIABLE = YES;
				IPHONEOS_DEPLOYMENT_TARGET = 11.0;
				MTL_ENABLE_DEBUG_INFO = YES;
				ONLY_ACTIVE_ARCH = YES;
				SDKROOT = iphoneos;
				SWIFT_ACTIVE_COMPILATION_CONDITIONS = DEBUG;
				SWIFT_OPTIMIZATION_LEVEL = "-Onone";
			};
			name = Debug;
		};
		B5A97A671F1C2FB400B12841 /* Release */ = {
			isa = XCBuildConfiguration;
			buildSettings = {
				ALWAYS_SEARCH_USER_PATHS = NO;
				CLANG_ANALYZER_NONNULL = YES;
				CLANG_ANALYZER_NUMBER_OBJECT_CONVERSION = YES_AGGRESSIVE;
				CLANG_CXX_LANGUAGE_STANDARD = "gnu++14";
				CLANG_CXX_LIBRARY = "libc++";
				CLANG_ENABLE_MODULES = YES;
				CLANG_ENABLE_OBJC_ARC = YES;
				CLANG_WARN_BLOCK_CAPTURE_AUTORELEASING = YES;
				CLANG_WARN_BOOL_CONVERSION = YES;
				CLANG_WARN_COMMA = YES;
				CLANG_WARN_CONSTANT_CONVERSION = YES;
				CLANG_WARN_DIRECT_OBJC_ISA_USAGE = YES_ERROR;
				CLANG_WARN_DOCUMENTATION_COMMENTS = YES;
				CLANG_WARN_EMPTY_BODY = YES;
				CLANG_WARN_ENUM_CONVERSION = YES;
				CLANG_WARN_INFINITE_RECURSION = YES;
				CLANG_WARN_INT_CONVERSION = YES;
				CLANG_WARN_NON_LITERAL_NULL_CONVERSION = YES;
				CLANG_WARN_OBJC_LITERAL_CONVERSION = YES;
				CLANG_WARN_OBJC_ROOT_CLASS = YES_ERROR;
				CLANG_WARN_RANGE_LOOP_ANALYSIS = YES;
				CLANG_WARN_STRICT_PROTOTYPES = YES;
				CLANG_WARN_SUSPICIOUS_MOVE = YES;
				CLANG_WARN_UNGUARDED_AVAILABILITY = YES_AGGRESSIVE;
				CLANG_WARN_UNREACHABLE_CODE = YES;
				CLANG_WARN__DUPLICATE_METHOD_MATCH = YES;
				CODE_SIGN_IDENTITY = "iPhone Developer";
				COPY_PHASE_STRIP = NO;
				DEBUG_INFORMATION_FORMAT = "dwarf-with-dsym";
				ENABLE_NS_ASSERTIONS = NO;
				ENABLE_STRICT_OBJC_MSGSEND = YES;
				GCC_C_LANGUAGE_STANDARD = gnu11;
				GCC_NO_COMMON_BLOCKS = YES;
				GCC_WARN_64_TO_32_BIT_CONVERSION = YES;
				GCC_WARN_ABOUT_RETURN_TYPE = YES_ERROR;
				GCC_WARN_UNDECLARED_SELECTOR = YES;
				GCC_WARN_UNINITIALIZED_AUTOS = YES_AGGRESSIVE;
				GCC_WARN_UNUSED_FUNCTION = YES;
				GCC_WARN_UNUSED_VARIABLE = YES;
				IPHONEOS_DEPLOYMENT_TARGET = 11.0;
				MTL_ENABLE_DEBUG_INFO = NO;
				SDKROOT = iphoneos;
				SWIFT_OPTIMIZATION_LEVEL = "-Owholemodule";
				VALIDATE_PRODUCT = YES;
			};
			name = Release;
		};
		B5A97A691F1C2FB400B12841 /* Debug */ = {
			isa = XCBuildConfiguration;
			buildSettings = {
				ASSETCATALOG_COMPILER_APPICON_NAME = AppIcon;
				DEVELOPMENT_TEAM = 8LHVT7DW44;
				FRAMEWORK_SEARCH_PATHS = (
					"$(inherited)",
					"$(PROJECT_DIR)",
				);
				INFOPLIST_FILE = ShinShikaku/Info.plist;
				LD_RUNPATH_SEARCH_PATHS = "$(inherited) @executable_path/Frameworks";
				PRODUCT_BUNDLE_IDENTIFIER = com.nicethings.ShinShikaku;
				PRODUCT_NAME = "$(TARGET_NAME)";
				SWIFT_VERSION = 4.0;
				TARGETED_DEVICE_FAMILY = "1,2";
			};
			name = Debug;
		};
		B5A97A6A1F1C2FB400B12841 /* Release */ = {
			isa = XCBuildConfiguration;
			buildSettings = {
				ASSETCATALOG_COMPILER_APPICON_NAME = AppIcon;
				DEVELOPMENT_TEAM = 8LHVT7DW44;
				FRAMEWORK_SEARCH_PATHS = (
					"$(inherited)",
					"$(PROJECT_DIR)",
				);
				GCC_PREPROCESSOR_DEFINITIONS = "";
				INFOPLIST_FILE = ShinShikaku/Info.plist;
				LD_RUNPATH_SEARCH_PATHS = "$(inherited) @executable_path/Frameworks";
				PRODUCT_BUNDLE_IDENTIFIER = com.nicethings.ShinShikaku;
				PRODUCT_NAME = "$(TARGET_NAME)";
				SWIFT_VERSION = 4.0;
				TARGETED_DEVICE_FAMILY = "1,2";
			};
			name = Release;
		};
		B5A97A6C1F1C2FB400B12841 /* Debug */ = {
			isa = XCBuildConfiguration;
			buildSettings = {
				ALWAYS_EMBED_SWIFT_STANDARD_LIBRARIES = YES;
				BUNDLE_LOADER = "$(TEST_HOST)";
				CLANG_ENABLE_MODULES = YES;
				DEVELOPMENT_TEAM = 8LHVT7DW44;
				FRAMEWORK_SEARCH_PATHS = (
					"$(inherited)",
					"$(PROJECT_DIR)",
				);
				INFOPLIST_FILE = ShinShikakuTests/Info.plist;
				LD_RUNPATH_SEARCH_PATHS = "$(inherited) @executable_path/Frameworks @loader_path/Frameworks";
				PRODUCT_BUNDLE_IDENTIFIER = com.nicethings.ShinShikakuTests;
				PRODUCT_NAME = "$(TARGET_NAME)";
				SWIFT_OPTIMIZATION_LEVEL = "-Onone";
				SWIFT_VERSION = 4.0;
				TARGETED_DEVICE_FAMILY = "1,2";
				TEST_HOST = "$(BUILT_PRODUCTS_DIR)/ShinShikaku.app/ShinShikaku";
			};
			name = Debug;
		};
		B5A97A6D1F1C2FB400B12841 /* Release */ = {
			isa = XCBuildConfiguration;
			buildSettings = {
				ALWAYS_EMBED_SWIFT_STANDARD_LIBRARIES = YES;
				BUNDLE_LOADER = "$(TEST_HOST)";
				CLANG_ENABLE_MODULES = YES;
				DEVELOPMENT_TEAM = 8LHVT7DW44;
				FRAMEWORK_SEARCH_PATHS = (
					"$(inherited)",
					"$(PROJECT_DIR)",
				);
				INFOPLIST_FILE = ShinShikakuTests/Info.plist;
				LD_RUNPATH_SEARCH_PATHS = "$(inherited) @executable_path/Frameworks @loader_path/Frameworks";
				PRODUCT_BUNDLE_IDENTIFIER = com.nicethings.ShinShikakuTests;
				PRODUCT_NAME = "$(TARGET_NAME)";
				SWIFT_VERSION = 4.0;
				TARGETED_DEVICE_FAMILY = "1,2";
				TEST_HOST = "$(BUILT_PRODUCTS_DIR)/ShinShikaku.app/ShinShikaku";
			};
			name = Release;
		};
/* End XCBuildConfiguration section */

/* Begin XCConfigurationList section */
		B5A97A461F1C2FB400B12841 /* Build configuration list for PBXProject "ShinShikaku" */ = {
			isa = XCConfigurationList;
			buildConfigurations = (
				B5A97A661F1C2FB400B12841 /* Debug */,
				B5A97A671F1C2FB400B12841 /* Release */,
			);
			defaultConfigurationIsVisible = 0;
			defaultConfigurationName = Release;
		};
		B5A97A681F1C2FB400B12841 /* Build configuration list for PBXNativeTarget "ShinShikaku" */ = {
			isa = XCConfigurationList;
			buildConfigurations = (
				B5A97A691F1C2FB400B12841 /* Debug */,
				B5A97A6A1F1C2FB400B12841 /* Release */,
			);
			defaultConfigurationIsVisible = 0;
			defaultConfigurationName = Release;
		};
		B5A97A6B1F1C2FB400B12841 /* Build configuration list for PBXNativeTarget "ShinShikakuTests" */ = {
			isa = XCConfigurationList;
			buildConfigurations = (
				B5A97A6C1F1C2FB400B12841 /* Debug */,
				B5A97A6D1F1C2FB400B12841 /* Release */,
			);
			defaultConfigurationIsVisible = 0;
			defaultConfigurationName = Release;
		};
/* End XCConfigurationList section */
	};
	rootObject = B5A97A431F1C2FB400B12841 /* Project object */;
}
